
Microsoft Visual Studio Solution File, Format Version 12.00
# Visual Studio Version 17
VisualStudioVersion = 17.8.34309.116
MinimumVisualStudioVersion = 10.0.40219.1
Project("{FAE04EC0-301F-11D3-BF4B-00C04F79EFBC}") = "Joke App Tutorial", "Joke App Tutorial\Joke App Tutorial.csproj", "{10B73AB1-1050-456A-AE9B-6E968CB3D4DC}"
EndProject
Global
	GlobalSection(SolutionConfigurationPlatforms) = preSolution
		Debug|Any CPU = Debug|Any CPU
		Release|Any CPU = Release|Any CPU
	EndGlobalSection
	GlobalSection(ProjectConfigurationPlatforms) = postSolution
		{10B73AB1-1050-456A-AE9B-6E968CB3D4DC}.Debug|Any CPU.ActiveCfg = Debug|Any CPU
		{10B73AB1-1050-456A-AE9B-6E968CB3D4DC}.Debug|Any CPU.Build.0 = Debug|Any CPU
		{10B73AB1-1050-456A-AE9B-6E968CB3D4DC}.Release|Any CPU.ActiveCfg = Release|Any CPU
		{10B73AB1-1050-456A-AE9B-6E968CB3D4DC}.Release|Any CPU.Build.0 = Release|Any CPU
	EndGlobalSection
	GlobalSection(SolutionProperties) = preSolution
		HideSolutionNode = FALSE
	EndGlobalSection
	GlobalSection(ExtensibilityGlobals) = postSolution
		SolutionGuid = {EC96C0CB-240D-47D5-8FD0-3904C06C2020}
	EndGlobalSection
EndGlobal
