
Microsoft Visual Studio Solution File, Format Version 12.00
# Visual Studio Version 17
VisualStudioVersion = 17.8.34309.116
MinimumVisualStudioVersion = 10.0.40219.1
Project("{9A19103F-16F7-4668-BE54-9A1E7A4F7556}") = "BasicRestaurantWebsite", "BasicRestaurantWebsite\BasicRestaurantWebsite.csproj", "{F6528C14-D197-44D3-BE23-51579B85E2DB}"
EndProject
Project("{2150E333-8FDC-42A3-9474-1A3956D46DE8}") = "Solution Items", "Solution Items", "{B4E59273-D106-4AA4-9607-5D74EF967B44}"
	ProjectSection(SolutionItems) = preProject
		README.md = README.md
	EndProjectSection
EndProject
Global
	GlobalSection(SolutionConfigurationPlatforms) = preSolution
		Debug|Any CPU = Debug|Any CPU
		Release|Any CPU = Release|Any CPU
	EndGlobalSection
	GlobalSection(ProjectConfigurationPlatforms) = postSolution
		{F6528C14-D197-44D3-BE23-51579B85E2DB}.Debug|Any CPU.ActiveCfg = Debug|Any CPU
		{F6528C14-D197-44D3-BE23-51579B85E2DB}.Debug|Any CPU.Build.0 = Debug|Any CPU
		{F6528C14-D197-44D3-BE23-51579B85E2DB}.Release|Any CPU.ActiveCfg = Release|Any CPU
		{F6528C14-D197-44D3-BE23-51579B85E2DB}.Release|Any CPU.Build.0 = Release|Any CPU
	EndGlobalSection
	GlobalSection(SolutionProperties) = preSolution
		HideSolutionNode = FALSE
	EndGlobalSection
	GlobalSection(ExtensibilityGlobals) = postSolution
		SolutionGuid = {D9AD282D-EE7A-4A0F-9EC8-5F52D6C50FFC}
	EndGlobalSection
EndGlobal
